
Microsoft Visual Studio Solution File, Format Version 12.00
# Visual Studio 15
VisualStudioVersion = 15.0.28010.2003
MinimumVisualStudioVersion = 10.0.40219.1
Project("{9A19103F-16F7-4668-BE54-9A1E7A4F7556}") = "chapter1", "chapter1.csproj", "{FC5B4B06-8579-41CD-98AF-C08B6BD083FD}"
EndProject
Global
	GlobalSection(SolutionConfigurationPlatforms) = preSolution
		Debug|Any CPU = Debug|Any CPU
		Release|Any CPU = Release|Any CPU
	EndGlobalSection
	GlobalSection(ProjectConfigurationPlatforms) = postSolution
		{FC5B4B06-8579-41CD-98AF-C08B6BD083FD}.Debug|Any CPU.ActiveCfg = Debug|Any CPU
		{FC5B4B06-8579-41CD-98AF-C08B6BD083FD}.Debug|Any CPU.Build.0 = Debug|Any CPU
		{FC5B4B06-8579-41CD-98AF-C08B6BD083FD}.Release|Any CPU.ActiveCfg = Release|Any CPU
		{FC5B4B06-8579-41CD-98AF-C08B6BD083FD}.Release|Any CPU.Build.0 = Release|Any CPU
	EndGlobalSection
	GlobalSection(SolutionProperties) = preSolution
		HideSolutionNode = FALSE
	EndGlobalSection
	GlobalSection(ExtensibilityGlobals) = postSolution
		SolutionGuid = {E42551F8-87E9-4339-BEDA-9FDA9F06B8EB}
	EndGlobalSection
EndGlobal
